{
  "name": "ppgjx",
  "version": "1.0.0",
  "lockfileVersion": 1,
  "requires": true,
  "dependencies": {
    "@antv/adjust": {
      "version": "0.2.3",
      "resolved": "https://r.cnpmjs.org/@antv/adjust/download/@antv/adjust-0.2.3.tgz",
      "integrity": "sha1-w4hKaAwyZMwSXX8qtTmOihwLlAE=",
      "requires": {
        "@antv/util": "~2.0.0",
        "tslib": "^1.10.0"
      },
      "dependencies": {
        "tslib": {
          "version": "1.14.1",
          "resolved": "https://r.cnpmjs.org/tslib/download/tslib-1.14.1.tgz",
          "integrity": "sha1-zy04vcNKE0vK8QkcQfZhni9nLQA="
        }
      }
    },
    "@antv/attr": {
      "version": "0.3.2",
      "resolved": "https://r.cnpmjs.org/@antv/attr/download/@antv/attr-0.3.2.tgz",
      "integrity": "sha1-5YZrZIcMYvOpwluKYfZUuiv9oFE=",
      "requires": {
        "@antv/color-util": "^2.0.1",
        "@antv/util": "~2.0.0",
        "tslib": "^1.10.0"
      },
      "dependencies": {
        "tslib": {
          "version": "1.14.1",
          "resolved": "https://r.cnpmjs.org/tslib/download/tslib-1.14.1.tgz",
          "integrity": "sha1-zy04vcNKE0vK8QkcQfZhni9nLQA="
        }
      }
    },
    "@antv/color-util": {
      "version": "2.0.5",
      "resolved": "https://r.cnpmjs.org/@antv/color-util/download/@antv/color-util-2.0.5.tgz",
      "integrity": "sha1-bGwUrShzUmvLpyOAt4GiskNgrG4=",
      "requires": {
        "@antv/util": "^2.0.9",
        "tslib": "^1.10.0"
      },
      "dependencies": {
        "tslib": {
          "version": "1.14.1",
          "resolved": "https://r.cnpmjs.org/tslib/download/tslib-1.14.1.tgz",
          "integrity": "sha1-zy04vcNKE0vK8QkcQfZhni9nLQA="
        }
      }
    },
    "@antv/component": {
      "version": "0.6.3",
      "resolved": "https://r.cnpmjs.org/@antv/component/download/@antv/component-0.6.3.tgz",
      "integrity": "sha1-O7TO2+mF6DG/s3ip5nKkbAQipac=",
      "requires": {
        "@antv/dom-util": "~2.0.1",
        "@antv/g-base": "~0.4.0",
        "@antv/matrix-util": "^3.1.0-beta.1",
        "@antv/path-util": "~2.0.7",
        "@antv/scale": "~0.3.1",
        "@antv/util": "~2.0.0",
        "fecha": "~4.2.0",
        "tslib": "^1.10.0"
      },
      "dependencies": {
        "tslib": {
          "version": "1.14.1",
          "resolved": "https://r.cnpmjs.org/tslib/download/tslib-1.14.1.tgz",
          "integrity": "sha1-zy04vcNKE0vK8QkcQfZhni9nLQA="
        }
      }
    },
    "@antv/coord": {
      "version": "0.3.0",
      "resolved": "https://r.cnpmjs.org/@antv/coord/download/@antv/coord-0.3.0.tgz",
      "integrity": "sha1-RyOc/TVF+Ht6Z6m+2S0SpSnVqZY=",
      "requires": {
        "@antv/matrix-util": "^3.1.0-beta.2",
        "@antv/util": "~2.0.3",
        "tslib": "^1.10.0"
      },
      "dependencies": {
        "tslib": {
          "version": "1.14.1",
          "resolved": "https://r.cnpmjs.org/tslib/download/tslib-1.14.1.tgz",
          "integrity": "sha1-zy04vcNKE0vK8QkcQfZhni9nLQA="
        }
      }
    },
    "@antv/dom-util": {
      "version": "2.0.2",
      "resolved": "https://r.cnpmjs.org/@antv/dom-util/download/@antv/dom-util-2.0.2.tgz",
      "integrity": "sha1-THsKGV4CflVXBDWmglzsVt+wtZA=",
      "requires": {
        "tslib": "^1.10.0"
      },
      "dependencies": {
        "tslib": {
          "version": "1.14.1",
          "resolved": "https://r.cnpmjs.org/tslib/download/tslib-1.14.1.tgz",
          "integrity": "sha1-zy04vcNKE0vK8QkcQfZhni9nLQA="
        }
      }
    },
    "@antv/event-emitter": {
      "version": "0.1.2",
      "resolved": "https://r.cnpmjs.org/@antv/event-emitter/download/@antv/event-emitter-0.1.2.tgz",
      "integrity": "sha1-oXt8uG5tBxiA3Gv7IydW+IYk7Lw="
    },
    "@antv/g-base": {
      "version": "0.4.7",
      "resolved": "https://r.cnpmjs.org/@antv/g-base/download/@antv/g-base-0.4.7.tgz",
      "integrity": "sha1-dpj8TIyzgfK3iaMPvrJrHojEgZY=",
      "requires": {
        "@antv/event-emitter": "^0.1.1",
        "@antv/g-math": "^0.1.3",
        "@antv/matrix-util": "^3.1.0-beta.1",
        "@antv/path-util": "~2.0.5",
        "@antv/util": "~2.0.0",
        "@types/d3-timer": "^1.0.9",
        "d3-ease": "^1.0.5",
        "d3-interpolate": "^1.3.2",
        "d3-timer": "^1.0.9",
        "detect-browser": "^5.1.0"
      }
    },
    "@antv/g-canvas": {
      "version": "0.4.15",
      "resolved": "https://r.cnpmjs.org/@antv/g-canvas/download/@antv/g-canvas-0.4.15.tgz",
      "integrity": "sha1-gawb4mnZYoAgL/76AqOfBgsajAc=",
      "requires": {
        "@antv/g-base": "^0.4.7",
        "@antv/g-math": "^0.1.3",
        "@antv/path-util": "~2.0.5",
        "@antv/util": "~2.0.0",
        "gl-matrix": "^3.0.0"
      }
    },
    "@antv/g-math": {
      "version": "0.1.5",
      "resolved": "https://r.cnpmjs.org/@antv/g-math/download/@antv/g-math-0.1.5.tgz",
      "integrity": "sha1-jkSYp7wCsRPBG1A3OpsVJzE5ze8=",
      "requires": {
        "@antv/util": "~2.0.0",
        "gl-matrix": "^3.0.0"
      }
    },
    "@antv/g-svg": {
      "version": "0.4.7",
      "resolved": "https://r.cnpmjs.org/@antv/g-svg/download/@antv/g-svg-0.4.7.tgz",
      "integrity": "sha1-DWXh2zTm3+YJqts+3fR0jbAvCwE=",
      "requires": {
        "@antv/g-base": "^0.4.7",
        "@antv/g-math": "^0.1.3",
        "@antv/util": "~2.0.0",
        "detect-browser": "^4.6.0"
      },
      "dependencies": {
        "detect-browser": {
          "version": "4.8.0",
          "resolved": "https://r.cnpmjs.org/detect-browser/download/detect-browser-4.8.0.tgz",
          "integrity": "sha1-HXO9iMF76GaQGVDOCqrh7QYJAsY="
        }
      }
    },
    "@antv/g2": {
      "version": "4.0.15",
      "resolved": "https://r.cnpmjs.org/@antv/g2/download/@antv/g2-4.0.15.tgz",
      "integrity": "sha1-aO7uW+/Z8uZU92VfjT0pNc3VJrg=",
      "requires": {
        "@antv/adjust": "^0.2.1",
        "@antv/attr": "^0.3.1",
        "@antv/color-util": "^2.0.2",
        "@antv/component": "^0.6.0",
        "@antv/coord": "^0.3.0",
        "@antv/event-emitter": "~0.1.0",
        "@antv/g-base": "^0.4.3",
        "@antv/g-canvas": "^0.4.0",
        "@antv/g-svg": "^0.4.0",
        "@antv/matrix-util": "^3.1.0-beta.1",
        "@antv/path-util": "^2.0.3",
        "@antv/scale": "^0.3.1",
        "@antv/util": "~2.0.5",
        "tslib": "^2.0.0"
      }
    },
    "@antv/matrix-util": {
      "version": "3.1.0-beta.2",
      "resolved": "https://r.cnpmjs.org/@antv/matrix-util/download/@antv/matrix-util-3.1.0-beta.2.tgz",
      "integrity": "sha1-tK+vtw299Sr/yjCNNUbIoJD9I8o=",
      "requires": {
        "@antv/util": "^2.0.9",
        "gl-matrix": "^3.3.0",
        "tslib": "^1.10.0"
      },
      "dependencies": {
        "tslib": {
          "version": "1.14.1",
          "resolved": "https://r.cnpmjs.org/tslib/download/tslib-1.14.1.tgz",
          "integrity": "sha1-zy04vcNKE0vK8QkcQfZhni9nLQA="
        }
      }
    },
    "@antv/path-util": {
      "version": "2.0.8",
      "resolved": "https://r.cnpmjs.org/@antv/path-util/download/@antv/path-util-2.0.8.tgz",
      "integrity": "sha1-m8VNK3GYqtmIqcxKbekFTyaRm4Q=",
      "requires": {
        "@antv/util": "^2.0.9",
        "tslib": "^1.10.0"
      },
      "dependencies": {
        "tslib": {
          "version": "1.14.1",
          "resolved": "https://r.cnpmjs.org/tslib/download/tslib-1.14.1.tgz",
          "integrity": "sha1-zy04vcNKE0vK8QkcQfZhni9nLQA="
        }
      }
    },
    "@antv/scale": {
      "version": "0.3.4",
      "resolved": "https://r.cnpmjs.org/@antv/scale/download/@antv/scale-0.3.4.tgz",
      "integrity": "sha1-/t/a7f0+RaD0O/eG6ElnN12J364=",
      "requires": {
        "@antv/util": "~2.0.3",
        "fecha": "~4.2.0",
        "tslib": "^2.0.0"
      }
    },
    "@antv/util": {
      "version": "2.0.9",
      "resolved": "https://r.cnpmjs.org/@antv/util/download/@antv/util-2.0.9.tgz",
      "integrity": "sha1-vT4pajkuEfvieB/eOdjnC6HFPtA=",
      "requires": {
        "tslib": "^1.10.0"
      },
      "dependencies": {
        "tslib": {
          "version": "1.14.1",
          "resolved": "https://r.cnpmjs.org/tslib/download/tslib-1.14.1.tgz",
          "integrity": "sha1-zy04vcNKE0vK8QkcQfZhni9nLQA="
        }
      }
    },
    "@types/d3-timer": {
      "version": "1.0.10",
      "resolved": "https://r.cnpmjs.org/@types/d3-timer/download/@types/d3-timer-1.0.10.tgz",
      "integrity": "sha1-MpxRwskx9E7QrP94uMhFcazw7SE="
    },
    "d3-color": {
      "version": "1.4.1",
      "resolved": "https://r.cnpmjs.org/d3-color/download/d3-color-1.4.1.tgz",
      "integrity": "sha1-xSACv4hGraRCTVXZeYL+8m6zvIo="
    },
    "d3-ease": {
      "version": "1.0.7",
      "resolved": "https://r.cnpmjs.org/d3-ease/download/d3-ease-1.0.7.tgz",
      "integrity": "sha1-moNIkO+LiujFWLL+Vb1X9Zk7heI="
    },
    "d3-interpolate": {
      "version": "1.4.0",
      "resolved": "https://r.cnpmjs.org/d3-interpolate/download/d3-interpolate-1.4.0.tgz",
      "integrity": "sha1-Um554tgNqjg/ngwcHH3MDwWD6Yc=",
      "requires": {
        "d3-color": "1"
      }
    },
    "d3-timer": {
      "version": "1.0.10",
      "resolved": "https://r.cnpmjs.org/d3-timer/download/d3-timer-1.0.10.tgz",
      "integrity": "sha1-3+dripF0iDGxO22ceT/71QjdneU="
    },
    "detect-browser": {
      "version": "5.2.0",
      "resolved": "https://r.cnpmjs.org/detect-browser/download/detect-browser-5.2.0.tgz",
      "integrity": "sha1-yc1a+pamoZ/aC76em+SKa24enJc="
    },
    "fecha": {
      "version": "4.2.0",
      "resolved": "https://r.cnpmjs.org/fecha/download/fecha-4.2.0.tgz",
      "integrity": "sha1-P/tjlUU+Pz7/+FBATwpZtnR/X0E="
    },
    "gl-matrix": {
      "version": "3.3.0",
      "resolved": "https://r.cnpmjs.org/gl-matrix/download/gl-matrix-3.3.0.tgz",
      "integrity": "sha1-Iy7vYLHIswooy751ssr2xI/WNYs="
    },
    "tslib": {
      "version": "2.0.3",
      "resolved": "https://r.cnpmjs.org/tslib/download/tslib-2.0.3.tgz",
      "integrity": "sha1-jgdBrEX8DCJuWKF7/D5kubxsphw="
    },
    "uview-ui": {
      "version": "1.8.4",
      "resolved": "https://registry.npmjs.org/uview-ui/-/uview-ui-1.8.4.tgz",
      "integrity": "sha512-Zr+D5dFdNy6CdHQLBEXeGq/w0LkjxzBtsgaaDwLl0P58g67H7fBBDvy6AzWK/k0c7dwPYMBiK7I4Tr9p92+0DA=="
    }
  }
}
